
PODS:
- JSONKit (1.5pre)
- gtm-oauth2 (0.0.1):
  - gtm-oauth2/nibs (= 0.0.1)
- gtm-oauth2/nibs (0.0.1)

DEPENDENCIES:
- JSONKit (~> 1.5pre)
- gtm-oauth2 (~> 0.0.1)

SPEC CHECKSUMS:
  JSONKit: 3d4708953ea7ae399a49777372d8b060a43ddd27
  gtm-oauth2: f75ae8b495a5de93c411dac616bbccac03b484c7
  gtm-oauth2/nibs: f75ae8b495a5de93c411dac616bbccac03b484c7

COCOAPODS: 0.16.1
